
Microsoft Visual Studio Solution File, Format Version 12.00
# Visual Studio Version 16
VisualStudioVersion = 16.0.29613.14
MinimumVisualStudioVersion = 10.0.40219.1
Project("{9A19103F-16F7-4668-BE54-9A1E7A4F7556}") = "EMart.BuyerService", "EMart.BuyerService\EMart.BuyerService.csproj", "{96DB645A-1A6A-4782-AA03-A0E8FB3A0DF5}"
EndProject
Project("{9A19103F-16F7-4668-BE54-9A1E7A4F7556}") = "EMart.SellerService", "EMart.SellerService\EMart.SellerService.csproj", "{8DA99C4D-A8F3-4D4E-BD53-4E7C47AF69E1}"
EndProject
Project("{9A19103F-16F7-4668-BE54-9A1E7A4F7556}") = "EMart.AdminService", "EMart.AdminService\EMart.AdminService.csproj", "{963A6519-2FC0-4B73-BC28-CB0713140B19}"
EndProject
Project("{9A19103F-16F7-4668-BE54-9A1E7A4F7556}") = "EMart.AccountService", "EMart.AccountService\EMart.AccountService.csproj", "{F7A0C914-14A0-457B-BCE5-97BE1999B037}"
EndProject
Global
	GlobalSection(SolutionConfigurationPlatforms) = preSolution
		Debug|Any CPU = Debug|Any CPU
		Release|Any CPU = Release|Any CPU
	EndGlobalSection
	GlobalSection(ProjectConfigurationPlatforms) = postSolution
		{96DB645A-1A6A-4782-AA03-A0E8FB3A0DF5}.Debug|Any CPU.ActiveCfg = Debug|Any CPU
		{96DB645A-1A6A-4782-AA03-A0E8FB3A0DF5}.Debug|Any CPU.Build.0 = Debug|Any CPU
		{96DB645A-1A6A-4782-AA03-A0E8FB3A0DF5}.Release|Any CPU.ActiveCfg = Release|Any CPU
		{96DB645A-1A6A-4782-AA03-A0E8FB3A0DF5}.Release|Any CPU.Build.0 = Release|Any CPU
		{8DA99C4D-A8F3-4D4E-BD53-4E7C47AF69E1}.Debug|Any CPU.ActiveCfg = Debug|Any CPU
		{8DA99C4D-A8F3-4D4E-BD53-4E7C47AF69E1}.Debug|Any CPU.Build.0 = Debug|Any CPU
		{8DA99C4D-A8F3-4D4E-BD53-4E7C47AF69E1}.Release|Any CPU.ActiveCfg = Release|Any CPU
		{8DA99C4D-A8F3-4D4E-BD53-4E7C47AF69E1}.Release|Any CPU.Build.0 = Release|Any CPU
		{963A6519-2FC0-4B73-BC28-CB0713140B19}.Debug|Any CPU.ActiveCfg = Debug|Any CPU
		{963A6519-2FC0-4B73-BC28-CB0713140B19}.Debug|Any CPU.Build.0 = Debug|Any CPU
		{963A6519-2FC0-4B73-BC28-CB0713140B19}.Release|Any CPU.ActiveCfg = Release|Any CPU
		{963A6519-2FC0-4B73-BC28-CB0713140B19}.Release|Any CPU.Build.0 = Release|Any CPU
		{F7A0C914-14A0-457B-BCE5-97BE1999B037}.Debug|Any CPU.ActiveCfg = Debug|Any CPU
		{F7A0C914-14A0-457B-BCE5-97BE1999B037}.Debug|Any CPU.Build.0 = Debug|Any CPU
		{F7A0C914-14A0-457B-BCE5-97BE1999B037}.Release|Any CPU.ActiveCfg = Release|Any CPU
		{F7A0C914-14A0-457B-BCE5-97BE1999B037}.Release|Any CPU.Build.0 = Release|Any CPU
	EndGlobalSection
	GlobalSection(SolutionProperties) = preSolution
		HideSolutionNode = FALSE
	EndGlobalSection
	GlobalSection(ExtensibilityGlobals) = postSolution
		SolutionGuid = {9435DD21-C5A5-4857-A851-FCF3EB148E98}
	EndGlobalSection
EndGlobal
